
Microsoft Visual Studio Solution File, Format Version 12.00
# Visual Studio Version 17
VisualStudioVersion = 17.8.34309.116
MinimumVisualStudioVersion = 10.0.40219.1
Project("{2150E333-8FDC-42A3-9474-1A3956D46DE8}") = "Services", "Services", "{01278D54-21C5-4AD2-8446-139C303F2A76}"
EndProject
Project("{2150E333-8FDC-42A3-9474-1A3956D46DE8}") = "Front", "Front", "{6B83CE28-C3B3-4FA7-AD57-ED5F2BF50871}"
EndProject
Project("{2150E333-8FDC-42A3-9474-1A3956D46DE8}") = "Product", "Product", "{ACC37932-CDB7-44AE-8A14-8A5A1C5BAAD2}"
EndProject
Project("{9A19103F-16F7-4668-BE54-9A1E7A4F7556}") = "Mardev.Arq.Services.Product.Api", "Services\Product\Api\Mardev.Arq.Services.Product.Api.csproj", "{1FD0F850-EB2A-4F71-8501-D33BC92FE514}"
EndProject
Project("{2150E333-8FDC-42A3-9474-1A3956D46DE8}") = "Identity", "Identity", "{A4B7AAE2-38B6-439E-81FC-EB32829481BE}"
EndProject
Project("{9A19103F-16F7-4668-BE54-9A1E7A4F7556}") = "Mardev.Arq.Services.Identity.Api", "Services\Identity\Api\Mardev.Arq.Services.Identity.Api.csproj", "{EDEF8536-56C7-4FFF-9004-BF3855CDF0D8}"
EndProject
Project("{9A19103F-16F7-4668-BE54-9A1E7A4F7556}") = "Mardev.Arq.Services.Product.Contracts", "Services\Product\Contracts\Mardev.Arq.Services.Product.Contracts.csproj", "{D9FF3C03-FBE9-4B68-961F-C76C35C87851}"
EndProject
Project("{2150E333-8FDC-42A3-9474-1A3956D46DE8}") = "Shared", "Shared", "{4638CEE9-D33E-494E-B4F5-043439258987}"
EndProject
Project("{2150E333-8FDC-42A3-9474-1A3956D46DE8}") = "Contracts", "Contracts", "{326C78FE-EF1A-44EB-9995-41A1D783F39C}"
EndProject
Project("{9A19103F-16F7-4668-BE54-9A1E7A4F7556}") = "Mardev.Arq.Shared.Contracts", "Shared\Contracts\Mardev.Arq.Shared.Contracts.csproj", "{379BB4F8-7253-4C2A-A6AD-7679B959C4FF}"
EndProject
Project("{2150E333-8FDC-42A3-9474-1A3956D46DE8}") = "Solution Items", "Solution Items", "{C012F239-5266-4B6F-88FB-24871000CED3}"
	ProjectSection(SolutionItems) = preProject
		.editorconfig = .editorconfig
	EndProjectSection
EndProject
Project("{2150E333-8FDC-42A3-9474-1A3956D46DE8}") = "API", "API", "{BAA03C45-8981-4987-8588-C33F32A783F4}"
EndProject
Project("{9A19103F-16F7-4668-BE54-9A1E7A4F7556}") = "Mardev.Arq.Shared.Api", "Shared\Api\Mardev.Arq.Shared.Api.csproj", "{2A373009-1496-4E4A-AACC-A742C032E463}"
EndProject
Project("{9A19103F-16F7-4668-BE54-9A1E7A4F7556}") = "Mardev.Arq.Services.Identity.Contracts", "Services\Identity\Contracts\Mardev.Arq.Services.Identity.Contracts.csproj", "{EF241334-C8D5-41B0-983C-B9EF1AFBB234}"
EndProject
Project("{9A19103F-16F7-4668-BE54-9A1E7A4F7556}") = "Mardev.Arq.Services.Identity.Business", "Services\Identity\Business\Mardev.Arq.Services.Identity.Business.csproj", "{A41E3DE6-A615-467F-8C3D-7F4C8EDBE285}"
EndProject
Project("{FAE04EC0-301F-11D3-BF4B-00C04F79EFBC}") = "Mardev.Arq.Front.Web", "Front\Web\Mardev.Arq.Front.Web.csproj", "{1AE02250-A117-4B08-9FCB-5F247BF770E4}"
EndProject
Global
	GlobalSection(SolutionConfigurationPlatforms) = preSolution
		Debug|Any CPU = Debug|Any CPU
		Release|Any CPU = Release|Any CPU
	EndGlobalSection
	GlobalSection(ProjectConfigurationPlatforms) = postSolution
		{1FD0F850-EB2A-4F71-8501-D33BC92FE514}.Debug|Any CPU.ActiveCfg = Debug|Any CPU
		{1FD0F850-EB2A-4F71-8501-D33BC92FE514}.Debug|Any CPU.Build.0 = Debug|Any CPU
		{1FD0F850-EB2A-4F71-8501-D33BC92FE514}.Release|Any CPU.ActiveCfg = Release|Any CPU
		{1FD0F850-EB2A-4F71-8501-D33BC92FE514}.Release|Any CPU.Build.0 = Release|Any CPU
		{EDEF8536-56C7-4FFF-9004-BF3855CDF0D8}.Debug|Any CPU.ActiveCfg = Debug|Any CPU
		{EDEF8536-56C7-4FFF-9004-BF3855CDF0D8}.Debug|Any CPU.Build.0 = Debug|Any CPU
		{EDEF8536-56C7-4FFF-9004-BF3855CDF0D8}.Release|Any CPU.ActiveCfg = Release|Any CPU
		{EDEF8536-56C7-4FFF-9004-BF3855CDF0D8}.Release|Any CPU.Build.0 = Release|Any CPU
		{D9FF3C03-FBE9-4B68-961F-C76C35C87851}.Debug|Any CPU.ActiveCfg = Debug|Any CPU
		{D9FF3C03-FBE9-4B68-961F-C76C35C87851}.Debug|Any CPU.Build.0 = Debug|Any CPU
		{D9FF3C03-FBE9-4B68-961F-C76C35C87851}.Release|Any CPU.ActiveCfg = Release|Any CPU
		{D9FF3C03-FBE9-4B68-961F-C76C35C87851}.Release|Any CPU.Build.0 = Release|Any CPU
		{379BB4F8-7253-4C2A-A6AD-7679B959C4FF}.Debug|Any CPU.ActiveCfg = Debug|Any CPU
		{379BB4F8-7253-4C2A-A6AD-7679B959C4FF}.Debug|Any CPU.Build.0 = Debug|Any CPU
		{379BB4F8-7253-4C2A-A6AD-7679B959C4FF}.Release|Any CPU.ActiveCfg = Release|Any CPU
		{379BB4F8-7253-4C2A-A6AD-7679B959C4FF}.Release|Any CPU.Build.0 = Release|Any CPU
		{2A373009-1496-4E4A-AACC-A742C032E463}.Debug|Any CPU.ActiveCfg = Debug|Any CPU
		{2A373009-1496-4E4A-AACC-A742C032E463}.Debug|Any CPU.Build.0 = Debug|Any CPU
		{2A373009-1496-4E4A-AACC-A742C032E463}.Release|Any CPU.ActiveCfg = Release|Any CPU
		{2A373009-1496-4E4A-AACC-A742C032E463}.Release|Any CPU.Build.0 = Release|Any CPU
		{EF241334-C8D5-41B0-983C-B9EF1AFBB234}.Debug|Any CPU.ActiveCfg = Debug|Any CPU
		{EF241334-C8D5-41B0-983C-B9EF1AFBB234}.Debug|Any CPU.Build.0 = Debug|Any CPU
		{EF241334-C8D5-41B0-983C-B9EF1AFBB234}.Release|Any CPU.ActiveCfg = Release|Any CPU
		{EF241334-C8D5-41B0-983C-B9EF1AFBB234}.Release|Any CPU.Build.0 = Release|Any CPU
		{A41E3DE6-A615-467F-8C3D-7F4C8EDBE285}.Debug|Any CPU.ActiveCfg = Debug|Any CPU
		{A41E3DE6-A615-467F-8C3D-7F4C8EDBE285}.Debug|Any CPU.Build.0 = Debug|Any CPU
		{A41E3DE6-A615-467F-8C3D-7F4C8EDBE285}.Release|Any CPU.ActiveCfg = Release|Any CPU
		{A41E3DE6-A615-467F-8C3D-7F4C8EDBE285}.Release|Any CPU.Build.0 = Release|Any CPU
		{1AE02250-A117-4B08-9FCB-5F247BF770E4}.Debug|Any CPU.ActiveCfg = Debug|Any CPU
		{1AE02250-A117-4B08-9FCB-5F247BF770E4}.Debug|Any CPU.Build.0 = Debug|Any CPU
		{1AE02250-A117-4B08-9FCB-5F247BF770E4}.Release|Any CPU.ActiveCfg = Release|Any CPU
		{1AE02250-A117-4B08-9FCB-5F247BF770E4}.Release|Any CPU.Build.0 = Release|Any CPU
	EndGlobalSection
	GlobalSection(SolutionProperties) = preSolution
		HideSolutionNode = FALSE
	EndGlobalSection
	GlobalSection(NestedProjects) = preSolution
		{ACC37932-CDB7-44AE-8A14-8A5A1C5BAAD2} = {01278D54-21C5-4AD2-8446-139C303F2A76}
		{1FD0F850-EB2A-4F71-8501-D33BC92FE514} = {ACC37932-CDB7-44AE-8A14-8A5A1C5BAAD2}
		{A4B7AAE2-38B6-439E-81FC-EB32829481BE} = {01278D54-21C5-4AD2-8446-139C303F2A76}
		{EDEF8536-56C7-4FFF-9004-BF3855CDF0D8} = {A4B7AAE2-38B6-439E-81FC-EB32829481BE}
		{D9FF3C03-FBE9-4B68-961F-C76C35C87851} = {ACC37932-CDB7-44AE-8A14-8A5A1C5BAAD2}
		{326C78FE-EF1A-44EB-9995-41A1D783F39C} = {4638CEE9-D33E-494E-B4F5-043439258987}
		{379BB4F8-7253-4C2A-A6AD-7679B959C4FF} = {326C78FE-EF1A-44EB-9995-41A1D783F39C}
		{BAA03C45-8981-4987-8588-C33F32A783F4} = {4638CEE9-D33E-494E-B4F5-043439258987}
		{2A373009-1496-4E4A-AACC-A742C032E463} = {BAA03C45-8981-4987-8588-C33F32A783F4}
		{EF241334-C8D5-41B0-983C-B9EF1AFBB234} = {A4B7AAE2-38B6-439E-81FC-EB32829481BE}
		{A41E3DE6-A615-467F-8C3D-7F4C8EDBE285} = {A4B7AAE2-38B6-439E-81FC-EB32829481BE}
		{1AE02250-A117-4B08-9FCB-5F247BF770E4} = {6B83CE28-C3B3-4FA7-AD57-ED5F2BF50871}
	EndGlobalSection
	GlobalSection(ExtensibilityGlobals) = postSolution
		SolutionGuid = {94772AFD-F869-465F-8B31-27943D22B416}
	EndGlobalSection
EndGlobal
